lockfileVersion: '9.0'

settings:
  autoInstallPeers: true
  excludeLinksFromLockfile: false

importers:

  .:
    devDependencies:
      '@tauri-apps/api':
        specifier: ^2.1.1
        version: 2.11.0
      '@tauri-apps/plugin-dialog':
        specifier: ^2.0.0
        version: 2.7.1
      '@tauri-apps/plugin-process':
        specifier: ^2.0.0
        version: 2.3.1
      '@tauri-apps/plugin-updater':
        specifier: ^2.0.0
        version: 2.10.1
      typescript:
        specifier: ^5.6.0
        version: 5.9.3

packages:

  '@tauri-apps/api@2.11.0':
    resolution: {integrity: sha512-7CinYODhky9lmO23xHnUFv0Xt43fbtWMyxZcLcRBlFkcgXKuEirBvHpmtJ89YMhyeGcq20Wuc47Fa4XjyniywA==}

  '@tauri-apps/plugin-dialog@2.7.1':
    resolution: {integrity: sha512-OK1UBXYt+ojcmxMktzzuyonYIFta8CmAASpX+CA+DTGK24KlHjhYI6x2iOJ/TjZF4N7/ACK1oFmEOjIY9IhzOQ==}

  '@tauri-apps/plugin-process@2.3.1':
    resolution: {integrity: sha512-nCa4fGVaDL/B9ai03VyPOjfAHRHSBz5v6F/ObsB73r/dA3MHHhZtldaDMIc0V/pnUw9ehzr2iEG+XkSEyC0JJA==}

  '@tauri-apps/plugin-updater@2.10.1':
    resolution: {integrity: sha512-NFYMg+tWOZPJdzE/PpFj2qfqwAWwNS3kXrb1tm1gnBJ9mYzZ4WDRrwy8udzWoAnfGCHLuePNLY1WVCNHnh3eRA==}

  typescript@5.9.3:
    resolution: {integrity: sha512-jl1vZzPDinLr9eUt3J/t7V6FgNEw9QjvBPdysz9KfQDD41fQrC2Y4vKQdiaUpFT4bXlb1RHhLpp8wtm6M5TgSw==}
    engines: {node: '>=14.17'}
    hasBin: true

snapshots:

  '@tauri-apps/api@2.11.0': {}

  '@tauri-apps/plugin-dialog@2.7.1':
    dependencies:
      '@tauri-apps/api': 2.11.0

  '@tauri-apps/plugin-process@2.3.1':
    dependencies:
      '@tauri-apps/api': 2.11.0

  '@tauri-apps/plugin-updater@2.10.1':
    dependencies:
      '@tauri-apps/api': 2.11.0

  typescript@5.9.3: {}
